// !$*UTF8*$!
{
	archiveVersion = 1;
	classes = {
	};
	objectVersion = 46;
	objects = {

/* Begin PBXBuildFile section */
		6134657E1DA60B54004A87E3 /* AppDelegate.swift in Sources */ = {isa = PBXBuildFile; fileRef = 6134657D1DA60B54004A87E3 /* AppDelegate.swift */; };
		613465801DA60B54004A87E3 /* ViewController.swift in Sources */ = {isa = PBXBuildFile; fileRef = 6134657F1DA60B54004A87E3 /* ViewController.swift */; };
		613465831DA60B54004A87E3 /* Main.storyboard in Resources */ = {isa = PBXBuildFile; fileRef = 613465811DA60B54004A87E3 /* Main.storyboard */; };
		613465851DA60B54004A87E3 /* Assets.xcassets in Resources */ = {isa = PBXBuildFile; fileRef = 613465841DA60B54004A87E3 /* Assets.xcassets */; };
		613465881DA60B54004A87E3 /* LaunchScreen.storyboard in Resources */ = {isa = PBXBuildFile; fileRef = 613465861DA60B54004A87E3 /* LaunchScreen.storyboard */; };
		613465931DA60B54004A87E3 /* testTests.swift in Sources */ = {isa = PBXBuildFile; fileRef = 613465921DA60B54004A87E3 /* testTests.swift */; };
		6134659E1DA60B54004A87E3 /* testUITests.swift in Sources */ = {isa = PBXBuildFile; fileRef = 6134659D1DA60B54004A87E3 /* testUITests.swift */; };
/* End PBXBuildFile section */

/* Begin PBXContainerItemProxy section */
		6134658F1DA60B54004A87E3 /* PBXContainerItemProxy */ = {
			isa = PBXContainerItemProxy;
			containerPortal = 613465721DA60B53004A87E3 /* Project object */;
			proxyType = 1;
			remoteGlobalIDString = 613465791DA60B53004A87E3;
			remoteInfo = test;
		};
		6134659A1DA60B54004A87E3 /* PBXContainerItemProxy */ = {
			isa = PBXContainerItemProxy;
			containerPortal = 613465721DA60B53004A87E3 /* Project object */;
			proxyType = 1;
			remoteGlobalIDString = 613465791DA60B53004A87E3;
			remoteInfo = test;
		};
/* End PBXContainerItemProxy section */

/* Begin PBXFileReference section */
		6134657A1DA60B54004A87E3 /* test.app */ = {isa = PBXFileReference; explicitFileType = wrapper.application; includeInIndex = 0; path = test.app; sourceTree = BUILT_PRODUCTS_DIR; };
		6134657D1DA60B54004A87E3 /* AppDelegate.swift */ = {isa = PBXFileReference; lastKnownFileType = sourcecode.swift; path = AppDelegate.swift; sourceTree = "<group>"; };
		6134657F1DA60B54004A87E3 /* ViewController.swift */ = {isa = PBXFileReference; lastKnownFileType = sourcecode.swift; path = ViewController.swift; sourceTree = "<group>"; };
		613465821DA60B54004A87E3 /* Base */ = {isa = PBXFileReference; lastKnownFileType = file.storyboard; name = Base; path = Base.lproj/Main.storyboard; sourceTree = "<group>"; };
		613465841DA60B54004A87E3 /* Assets.xcassets */ = {isa = PBXFileReference; lastKnownFileType = folder.assetcatalog; path = Assets.xcassets; sourceTree = "<group>"; };
		613465871DA60B54004A87E3 /* Base */ = {isa = PBXFileReference; lastKnownFileType = file.storyboard; name = Base; path = Base.lproj/LaunchScreen.storyboard; sourceTree = "<group>"; };
		613465891DA60B54004A87E3 /* Info.plist */ = {isa = PBXFileReference; lastKnownFileType = text.plist.xml; path = Info.plist; sourceTree = "<group>"; };
		6134658E1DA60B54004A87E3 /* testTests.xctest */ = {isa = PBXFileReference; explicitFileType = wrapper.cfbundle; includeInIndex = 0; path = testTests.xctest; sourceTree = BUILT_PRODUCTS_DIR; };
		613465921DA60B54004A87E3 /* testTests.swift */ = {isa = PBXFileReference; lastKnownFileType = sourcecode.swift; path = testTests.swift; sourceTree = "<group>"; };
		613465941DA60B54004A87E3 /* Info.plist */ = {isa = PBXFileReference; lastKnownFileType = text.plist.xml; path = Info.plist; sourceTree = "<group>"; };
		613465991DA60B54004A87E3 /* testUITests.xctest */ = {isa = PBXFileReference; explicitFileType = wrapper.cfbundle; includeInIndex = 0; path = testUITests.xctest; sourceTree = BUILT_PRODUCTS_DIR; };
		6134659D1DA60B54004A87E3 /* testUITests.swift */ = {isa = PBXFileReference; lastKnownFileType = sourcecode.swift; path = testUITests.swift; sourceTree = "<group>"; };
		6134659F1DA60B54004A87E3 /* Info.plist */ = {isa = PBXFileReference; lastKnownFileType = text.plist.xml; path = Info.plist; sourceTree = "<group>"; };
/* End PBXFileReference section */

/* Begin PBXFrameworksBuildPhase section */
		613465771DA60B53004A87E3 /* Frameworks */ = {
			isa = PBXFrameworksBuildPhase;
			buildActionMask = 2147483647;
			files = (
			);
			runOnlyForDeploymentPostprocessing = 0;
		};
		6134658B1DA60B54004A87E3 /* Frameworks */ = {
			isa = PBXFrameworksBuildPhase;
			buildActionMask = 2147483647;
			files = (
			);
			runOnlyForDeploymentPostprocessing = 0;
		};
		613465961DA60B54004A87E3 /* Frameworks */ = {
			isa = PBXFrameworksBuildPhase;
			buildActionMask = 2147483647;
			files = (
			);
			runOnlyForDeploymentPostprocessing = 0;
		};
/* End PBXFrameworksBuildPhase section */

/* Begin PBXGroup section */
		613465711DA60B53004A87E3 = {
			isa = PBXGroup;
			children = (
				6134657C1DA60B54004A87E3 /* test */,
				613465911DA60B54004A87E3 /* testTests */,
				6134659C1DA60B54004A87E3 /* testUITests */,
				6134657B1DA60B54004A87E3 /* Products */,
			);
			sourceTree = "<group>";
		};
		6134657B1DA60B54004A87E3 /* Products */ = {
			isa = PBXGroup;
			children = (
				6134657A1DA60B54004A87E3 /* test.app */,
				6134658E1DA60B54004A87E3 /* testTests.xctest */,
				613465991DA60B54004A87E3 /* testUITests.xctest */,
			);
			name = Products;
			sourceTree = "<group>";
		};
		6134657C1DA60B54004A87E3 /* test */ = {
			isa = PBXGroup;
			children = (
				6134657D1DA60B54004A87E3 /* AppDelegate.swift */,
				6134657F1DA60B54004A87E3 /* ViewController.swift */,
				613465811DA60B54004A87E3 /* Main.storyboard */,
				613465841DA60B54004A87E3 /* Assets.xcassets */,
				613465861DA60B54004A87E3 /* LaunchScreen.storyboard */,
				613465891DA60B54004A87E3 /* Info.plist */,
			);
			path = test;
			sourceTree = "<group>";
		};
		613465911DA60B54004A87E3 /* testTests */ = {
			isa = PBXGroup;
			children = (
				613465921DA60B54004A87E3 /* testTests.swift */,
				613465941DA60B54004A87E3 /* Info.plist */,
			);
			path = testTests;
			sourceTree = "<group>";
		};
		6134659C1DA60B54004A87E3 /* testUITests */ = {
			isa = PBXGroup;
			children = (
				6134659D1DA60B54004A87E3 /* testUITests.swift */,
				6134659F1DA60B54004A87E3 /* Info.plist */,
			);
			path = testUITests;
			sourceTree = "<group>";
		};
/* End PBXGroup section */

/* Begin PBXNativeTarget section */
		613465791DA60B53004A87E3 /* test */ = {
			isa = PBXNativeTarget;
			buildConfigurationList = 613465A21DA60B54004A87E3 /* Build configuration list for PBXNativeTarget "test" */;
			buildPhases = (
				613465761DA60B53004A87E3 /* Sources */,
				613465771DA60B53004A87E3 /* Frameworks */,
				613465781DA60B53004A87E3 /* Resources */,
			);
			buildRules = (
			);
			dependencies = (
			);
			name = test;
			productName = test;
			productReference = 6134657A1DA60B54004A87E3 /* test.app */;
			productType = "com.apple.product-type.application";
		};
		6134658D1DA60B54004A87E3 /* testTests */ = {
			isa = PBXNativeTarget;
			buildConfigurationList = 613465A51DA60B54004A87E3 /* Build configuration list for PBXNativeTarget "testTests" */;
			buildPhases = (
				6134658A1DA60B54004A87E3 /* Sources */,
				6134658B1DA60B54004A87E3 /* Frameworks */,
				6134658C1DA60B54004A87E3 /* Resources */,
			);
			buildRules = (
			);
			dependencies = (
				613465901DA60B54004A87E3 /* PBXTargetDependency */,
			);
			name = testTests;
			productName = testTests;
			productReference = 6134658E1DA60B54004A87E3 /* testTests.xctest */;
			productType = "com.apple.product-type.bundle.unit-test";
		};
		613465981DA60B54004A87E3 /* testUITests */ = {
			isa = PBXNativeTarget;
			buildConfigurationList = 613465A81DA60B54004A87E3 /* Build configuration list for PBXNativeTarget "testUITests" */;
			buildPhases = (
				613465951DA60B54004A87E3 /* Sources */,
				613465961DA60B54004A87E3 /* Frameworks */,
				613465971DA60B54004A87E3 /* Resources */,
			);
			buildRules = (
			);
			dependencies = (
				6134659B1DA60B54004A87E3 /* PBXTargetDependency */,
			);
			name = testUITests;
			productName = testUITests;
			productReference = 613465991DA60B54004A87E3 /* testUITests.xctest */;
			productType = "com.apple.product-type.bundle.ui-testing";
		};
/* End PBXNativeTarget section */

/* Begin PBXProject section */
		613465721DA60B53004A87E3 /* Project object */ = {
			isa = PBXProject;
			attributes = {
				LastSwiftUpdateCheck = 0810;
				LastUpgradeCheck = 0810;
				ORGANIZATIONNAME = "Sailaja Gajula";
				TargetAttributes = {
					613465791DA60B53004A87E3 = {
						CreatedOnToolsVersion = 8.1;
						ProvisioningStyle = Automatic;
					};
					6134658D1DA60B54004A87E3 = {
						CreatedOnToolsVersion = 8.1;
						ProvisioningStyle = Automatic;
						TestTargetID = 613465791DA60B53004A87E3;
					};
					613465981DA60B54004A87E3 = {
						CreatedOnToolsVersion = 8.1;
						ProvisioningStyle = Automatic;
						TestTargetID = 613465791DA60B53004A87E3;
					};
				};
			};
			buildConfigurationList = 613465751DA60B53004A87E3 /* Build configuration list for PBXProject "test" */;
			compatibilityVersion = "Xcode 3.2";
			developmentRegion = English;
			hasScannedForEncodings = 0;
			knownRegions = (
				en,
				Base,
			);
			mainGroup = 613465711DA60B53004A87E3;
			productRefGroup = 6134657B1DA60B54004A87E3 /* Products */;
			projectDirPath = "";
			projectRoot = "";
			targets = (
				613465791DA60B53004A87E3 /* test */,
				6134658D1DA60B54004A87E3 /* testTests */,
				613465981DA60B54004A87E3 /* testUITests */,
			);
		};
/* End PBXProject section */

/* Begin PBXResourcesBuildPhase section */
		613465781DA60B53004A87E3 /* Resources */ = {
			isa = PBXResourcesBuildPhase;
			buildActionMask = 2147483647;
			files = (
				613465881DA60B54004A87E3 /* LaunchScreen.storyboard in Resources */,
				613465851DA60B54004A87E3 /* Assets.xcassets in Resources */,
				613465831DA60B54004A87E3 /* Main.storyboard in Resources */,
			);
			runOnlyForDeploymentPostprocessing = 0;
		};
		6134658C1DA60B54004A87E3 /* Resources */ = {
			isa = PBXResourcesBuildPhase;
			buildActionMask = 2147483647;
			files = (
			);
			runOnlyForDeploymentPostprocessing = 0;
		};
		613465971DA60B54004A87E3 /* Resources */ = {
			isa = PBXResourcesBuildPhase;
			buildActionMask = 2147483647;
			files = (
			);
			runOnlyForDeploymentPostprocessing = 0;
		};
/* End PBXResourcesBuildPhase section */

/* Begin PBXSourcesBuildPhase section */
		613465761DA60B53004A87E3 /* Sources */ = {
			isa = PBXSourcesBuildPhase;
			buildActionMask = 2147483647;
			files = (
				613465801DA60B54004A87E3 /* ViewController.swift in Sources */,
				6134657E1DA60B54004A87E3 /* AppDelegate.swift in Sources */,
			);
			runOnlyForDeploymentPostprocessing = 0;
		};
		6134658A1DA60B54004A87E3 /* Sources */ = {
			isa = PBXSourcesBuildPhase;
			buildActionMask = 2147483647;
			files = (
				613465931DA60B54004A87E3 /* testTests.swift in Sources */,
			);
			runOnlyForDeploymentPostprocessing = 0;
		};
		613465951DA60B54004A87E3 /* Sources */ = {
			isa = PBXSourcesBuildPhase;
			buildActionMask = 2147483647;
			files = (
				6134659E1DA60B54004A87E3 /* testUITests.swift in Sources */,
			);
			runOnlyForDeploymentPostprocessing = 0;
		};
/* End PBXSourcesBuildPhase section */

/* Begin PBXTargetDependency section */
		613465901DA60B54004A87E3 /* PBXTargetDependency */ = {
			isa = PBXTargetDependency;
			target = 613465791DA60B53004A87E3 /* test */;
			targetProxy = 6134658F1DA60B54004A87E3 /* PBXContainerItemProxy */;
		};
		6134659B1DA60B54004A87E3 /* PBXTargetDependency */ = {
			isa = PBXTargetDependency;
			target = 613465791DA60B53004A87E3 /* test */;
			targetProxy = 6134659A1DA60B54004A87E3 /* PBXContainerItemProxy */;
		};
/* End PBXTargetDependency section */

/* Begin PBXVariantGroup section */
		613465811DA60B54004A87E3 /* Main.storyboard */ = {
			isa = PBXVariantGroup;
			children = (
				613465821DA60B54004A87E3 /* Base */,
			);
			name = Main.storyboard;
			sourceTree = "<group>";
		};
		613465861DA60B54004A87E3 /* LaunchScreen.storyboard */ = {
			isa = PBXVariantGroup;
			children = (
				613465871DA60B54004A87E3 /* Base */,
			);
			name = LaunchScreen.storyboard;
			sourceTree = "<group>";
		};
/* End PBXVariantGroup section */

/* Begin XCBuildConfiguration section */
		613465A01DA60B54004A87E3 /* Debug */ = {
			isa = XCBuildConfiguration;
			buildSettings = {
				ALWAYS_SEARCH_USER_PATHS = NO;
				CLANG_ANALYZER_NONNULL = YES;
				CLANG_CXX_LANGUAGE_STANDARD = "gnu++0x";
				CLANG_CXX_LIBRARY = "libc++";
				CLANG_ENABLE_MODULES = YES;
				CLANG_ENABLE_OBJC_ARC = YES;
				CLANG_WARN_BOOL_CONVERSION = YES;
				CLANG_WARN_CONSTANT_CONVERSION = YES;
				CLANG_WARN_DIRECT_OBJC_ISA_USAGE = YES_ERROR;
				CLANG_WARN_DOCUMENTATION_COMMENTS = YES;
				CLANG_WARN_EMPTY_BODY = YES;
				CLANG_WARN_ENUM_CONVERSION = YES;
				CLANG_WARN_INFINITE_RECURSION = YES;
				CLANG_WARN_INT_CONVERSION = YES;
				CLANG_WARN_OBJC_ROOT_CLASS = YES_ERROR;
				CLANG_WARN_SUSPICIOUS_MOVES = YES;
				CLANG_WARN_UNREACHABLE_CODE = YES;
				CLANG_WARN__DUPLICATE_METHOD_MATCH = YES;
				"CODE_SIGN_IDENTITY[sdk=iphoneos*]" = "iPhone Developer";
				COPY_PHASE_STRIP = NO;
				DEBUG_INFORMATION_FORMAT = dwarf;
				ENABLE_STRICT_OBJC_MSGSEND = YES;
				ENABLE_TESTABILITY = YES;
				GCC_C_LANGUAGE_STANDARD = gnu99;
				GCC_DYNAMIC_NO_PIC = NO;
				GCC_NO_COMMON_BLOCKS = YES;
				GCC_OPTIMIZATION_LEVEL = 0;
				GCC_PREPROCESSOR_DEFINITIONS = (
					"DEBUG=1",
					"$(inherited)",
				);
				GCC_WARN_64_TO_32_BIT_CONVERSION = YES;
				GCC_WARN_ABOUT_RETURN_TYPE = YES_ERROR;
				GCC_WARN_UNDECLARED_SELECTOR = YES;
				GCC_WARN_UNINITIALIZED_AUTOS = YES_AGGRESSIVE;
				GCC_WARN_UNUSED_FUNCTION = YES;
				GCC_WARN_UNUSED_VARIABLE = YES;
				IPHONEOS_DEPLOYMENT_TARGET = 10.1;
				MTL_ENABLE_DEBUG_INFO = YES;
				ONLY_ACTIVE_ARCH = YES;
				SDKROOT = iphoneos;
				SWIFT_ACTIVE_COMPILATION_CONDITIONS = DEBUG;
				SWIFT_OPTIMIZATION_LEVEL = "-Onone";
				TARGETED_DEVICE_FAMILY = "1,2";
			};
			name = Debug;
		};
		613465A11DA60B54004A87E3 /* Release */ = {
			isa = XCBuildConfiguration;
			buildSettings = {
				ALWAYS_SEARCH_USER_PATHS = NO;
				CLANG_ANALYZER_NONNULL = YES;
				CLANG_CXX_LANGUAGE_STANDARD = "gnu++0x";
				CLANG_CXX_LIBRARY = "libc++";
				CLANG_ENABLE_MODULES = YES;
				CLANG_ENABLE_OBJC_ARC = YES;
				CLANG_WARN_BOOL_CONVERSION = YES;
				CLANG_WARN_CONSTANT_CONVERSION = YES;
				CLANG_WARN_DIRECT_OBJC_ISA_USAGE = YES_ERROR;
				CLANG_WARN_DOCUMENTATION_COMMENTS = YES;
				CLANG_WARN_EMPTY_BODY = YES;
				CLANG_WARN_ENUM_CONVERSION = YES;
				CLANG_WARN_INFINITE_RECURSION = YES;
				CLANG_WARN_INT_CONVERSION = YES;
				CLANG_WARN_OBJC_ROOT_CLASS = YES_ERROR;
				CLANG_WARN_SUSPICIOUS_MOVES = YES;
				CLANG_WARN_UNREACHABLE_CODE = YES;
				CLANG_WARN__DUPLICATE_METHOD_MATCH = YES;
				"CODE_SIGN_IDENTITY[sdk=iphoneos*]" = "iPhone Developer";
				COPY_PHASE_STRIP = NO;
				DEBUG_INFORMATION_FORMAT = "dwarf-with-dsym";
				ENABLE_NS_ASSERTIONS = NO;
				ENABLE_STRICT_OBJC_MSGSEND = YES;
				GCC_C_LANGUAGE_STANDARD = gnu99;
				GCC_NO_COMMON_BLOCKS = YES;
				GCC_WARN_64_TO_32_BIT_CONVERSION = YES;
				GCC_WARN_ABOUT_RETURN_TYPE = YES_ERROR;
				GCC_WARN_UNDECLARED_SELECTOR = YES;
				GCC_WARN_UNINITIALIZED_AUTOS = YES_AGGRESSIVE;
				GCC_WARN_UNUSED_FUNCTION = YES;
				GCC_WARN_UNUSED_VARIABLE = YES;
				IPHONEOS_DEPLOYMENT_TARGET = 10.1;
				MTL_ENABLE_DEBUG_INFO = NO;
				SDKROOT = iphoneos;
				SWIFT_OPTIMIZATION_LEVEL = "-Owholemodule";
				TARGETED_DEVICE_FAMILY = "1,2";
				VALIDATE_PRODUCT = YES;
			};
			name = Release;
		};
		613465A31DA60B54004A87E3 /* Debug */ = {
			isa = XCBuildConfiguration;
			buildSettings = {
				ASSETCATALOG_COMPILER_APPICON_NAME = AppIcon;
				INFOPLIST_FILE = test/Info.plist;
				LD_RUNPATH_SEARCH_PATHS = "$(inherited) @executable_path/Frameworks";
				PRODUCT_BUNDLE_IDENTIFIER = sunray.test;
				PRODUCT_NAME = "$(TARGET_NAME)";
				SWIFT_VERSION = 3.0;
			};
			name = Debug;
		};
		613465A41DA60B54004A87E3 /* Release */ = {
			isa = XCBuildConfiguration;
			buildSettings = {
				ASSETCATALOG_COMPILER_APPICON_NAME = AppIcon;
				INFOPLIST_FILE = test/Info.plist;
				LD_RUNPATH_SEARCH_PATHS = "$(inherited) @executable_path/Frameworks";
				PRODUCT_BUNDLE_IDENTIFIER = sunray.test;
				PRODUCT_NAME = "$(TARGET_NAME)";
				SWIFT_VERSION = 3.0;
			};
			name = Release;
		};
		613465A61DA60B54004A87E3 /* Debug */ = {
			isa = XCBuildConfiguration;
			buildSettings = {
				ALWAYS_EMBED_SWIFT_STANDARD_LIBRARIES = YES;
				BUNDLE_LOADER = "$(TEST_HOST)";
				INFOPLIST_FILE = testTests/Info.plist;
				LD_RUNPATH_SEARCH_PATHS = "$(inherited) @executable_path/Frameworks @loader_path/Frameworks";
				PRODUCT_BUNDLE_IDENTIFIER = sunray.testTests;
				PRODUCT_NAME = "$(TARGET_NAME)";
				SWIFT_VERSION = 3.0;
				TEST_HOST = "$(BUILT_PRODUCTS_DIR)/test.app/test";
			};
			name = Debug;
		};
		613465A71DA60B54004A87E3 /* Release */ = {
			isa = XCBuildConfiguration;
			buildSettings = {
				ALWAYS_EMBED_SWIFT_STANDARD_LIBRARIES = YES;
				BUNDLE_LOADER = "$(TEST_HOST)";
				INFOPLIST_FILE = testTests/Info.plist;
				LD_RUNPATH_SEARCH_PATHS = "$(inherited) @executable_path/Frameworks @loader_path/Frameworks";
				PRODUCT_BUNDLE_IDENTIFIER = sunray.testTests;
				PRODUCT_NAME = "$(TARGET_NAME)";
				SWIFT_VERSION = 3.0;
				TEST_HOST = "$(BUILT_PRODUCTS_DIR)/test.app/test";
			};
			name = Release;
		};
		613465A91DA60B54004A87E3 /* Debug */ = {
			isa = XCBuildConfiguration;
			buildSettings = {
				ALWAYS_EMBED_SWIFT_STANDARD_LIBRARIES = YES;
				INFOPLIST_FILE = testUITests/Info.plist;
				LD_RUNPATH_SEARCH_PATHS = "$(inherited) @executable_path/Frameworks @loader_path/Frameworks";
				PRODUCT_BUNDLE_IDENTIFIER = sunray.testUITests;
				PRODUCT_NAME = "$(TARGET_NAME)";
				SWIFT_VERSION = 3.0;
				TEST_TARGET_NAME = test;
			};
			name = Debug;
		};
		613465AA1DA60B54004A87E3 /* Release */ = {
			isa = XCBuildConfiguration;
			buildSettings = {
				ALWAYS_EMBED_SWIFT_STANDARD_LIBRARIES = YES;
				INFOPLIST_FILE = testUITests/Info.plist;
				LD_RUNPATH_SEARCH_PATHS = "$(inherited) @executable_path/Frameworks @loader_path/Frameworks";
				PRODUCT_BUNDLE_IDENTIFIER = sunray.testUITests;
				PRODUCT_NAME = "$(TARGET_NAME)";
				SWIFT_VERSION = 3.0;
				TEST_TARGET_NAME = test;
			};
			name = Release;
		};
/* End XCBuildConfiguration section */

/* Begin XCConfigurationList section */
		613465751DA60B53004A87E3 /* Build configuration list for PBXProject "test" */ = {
			isa = XCConfigurationList;
			buildConfigurations = (
				613465A01DA60B54004A87E3 /* Debug */,
				613465A11DA60B54004A87E3 /* Release */,
			);
			defaultConfigurationIsVisible = 0;
			defaultConfigurationName = Release;
		};
		613465A21DA60B54004A87E3 /* Build configuration list for PBXNativeTarget "test" */ = {
			isa = XCConfigurationList;
			buildConfigurations = (
				613465A31DA60B54004A87E3 /* Debug */,
				613465A41DA60B54004A87E3 /* Release */,
			);
			defaultConfigurationIsVisible = 0;
		};
		613465A51DA60B54004A87E3 /* Build configuration list for PBXNativeTarget "testTests" */ = {
			isa = XCConfigurationList;
			buildConfigurations = (
				613465A61DA60B54004A87E3 /* Debug */,
				613465A71DA60B54004A87E3 /* Release */,
			);
			defaultConfigurationIsVisible = 0;
		};
		613465A81DA60B54004A87E3 /* Build configuration list for PBXNativeTarget "testUITests" */ = {
			isa = XCConfigurationList;
			buildConfigurations = (
				613465A91DA60B54004A87E3 /* Debug */,
				613465AA1DA60B54004A87E3 /* Release */,
			);
			defaultConfigurationIsVisible = 0;
		};
/* End XCConfigurationList section */
	};
	rootObject = 613465721DA60B53004A87E3 /* Project object */;
}
